
Microsoft Visual Studio Solution File, Format Version 12.00
# Visual Studio Version 17
VisualStudioVersion = 17.6.33723.286
MinimumVisualStudioVersion = 10.0.40219.1
Project("{FAE04EC0-301F-11D3-BF4B-00C04F79EFBC}") = "PrintifyApi", "PrintifyApi.csproj", "{A2E82038-9B83-436C-A4CC-14B517B5D42F}"
EndProject
Global
	GlobalSection(SolutionConfigurationPlatforms) = preSolution
		Debug|Any CPU = Debug|Any CPU
		Release|Any CPU = Release|Any CPU
	EndGlobalSection
	GlobalSection(ProjectConfigurationPlatforms) = postSolution
		{A2E82038-9B83-436C-A4CC-14B517B5D42F}.Debug|Any CPU.ActiveCfg = Debug|Any CPU
		{A2E82038-9B83-436C-A4CC-14B517B5D42F}.Debug|Any CPU.Build.0 = Debug|Any CPU
		{A2E82038-9B83-436C-A4CC-14B517B5D42F}.Release|Any CPU.ActiveCfg = Release|Any CPU
		{A2E82038-9B83-436C-A4CC-14B517B5D42F}.Release|Any CPU.Build.0 = Release|Any CPU
	EndGlobalSection
	GlobalSection(SolutionProperties) = preSolution
		HideSolutionNode = FALSE
	EndGlobalSection
	GlobalSection(ExtensibilityGlobals) = postSolution
		SolutionGuid = {40D3ADFD-C636-44FD-B9C1-0AECA2294B0E}
	EndGlobalSection
EndGlobal
